
Microsoft Visual Studio Solution File, Format Version 12.00
# Visual Studio Version 16
VisualStudioVersion = 16.0.29102.190
MinimumVisualStudioVersion = 10.0.40219.1
Project("{FAE04EC0-301F-11D3-BF4B-00C04F79EFBC}") = "DaneVAssistant", "DaneVAssistant\DaneVAssistant\DaneVAssistant.csproj", "{EF8933F2-A027-47C0-BD56-20BD2CDAB198}"
EndProject
Project("{FAE04EC0-301F-11D3-BF4B-00C04F79EFBC}") = "DaneVAssistant.Tests", "DaneVAssistant\DaneVAssistant.Tests\DaneVAssistant.Tests.csproj", "{DD4AF456-5026-448C-A25F-C60E711DC7CE}"
EndProject
Global
	GlobalSection(SolutionConfigurationPlatforms) = preSolution
		Debug|Any CPU = Debug|Any CPU
		Release|Any CPU = Release|Any CPU
	EndGlobalSection
	GlobalSection(ProjectConfigurationPlatforms) = postSolution
		{EF8933F2-A027-47C0-BD56-20BD2CDAB198}.Debug|Any CPU.ActiveCfg = Debug|Any CPU
		{EF8933F2-A027-47C0-BD56-20BD2CDAB198}.Debug|Any CPU.Build.0 = Debug|Any CPU
		{EF8933F2-A027-47C0-BD56-20BD2CDAB198}.Release|Any CPU.ActiveCfg = Release|Any CPU
		{EF8933F2-A027-47C0-BD56-20BD2CDAB198}.Release|Any CPU.Build.0 = Release|Any CPU
		{DD4AF456-5026-448C-A25F-C60E711DC7CE}.Debug|Any CPU.ActiveCfg = Debug|Any CPU
		{DD4AF456-5026-448C-A25F-C60E711DC7CE}.Debug|Any CPU.Build.0 = Debug|Any CPU
		{DD4AF456-5026-448C-A25F-C60E711DC7CE}.Release|Any CPU.ActiveCfg = Release|Any CPU
		{DD4AF456-5026-448C-A25F-C60E711DC7CE}.Release|Any CPU.Build.0 = Release|Any CPU
	EndGlobalSection
	GlobalSection(SolutionProperties) = preSolution
		HideSolutionNode = FALSE
	EndGlobalSection
	GlobalSection(ExtensibilityGlobals) = postSolution
		SolutionGuid = {C6DF43D2-B599-4E5D-ACDF-80980381E337}
	EndGlobalSection
EndGlobal
